// !$*UTF8*$!
{
	archiveVersion = 1;
	classes = {
	};
	objectVersion = 56;
	objects = {

/* Begin PBXBuildFile section */
		A384C10828EF62CD00E6CDA5 /* LocationManager.swift in Sources */ = {isa = PBXBuildFile; fileRef = A384C10728EF62CD00E6CDA5 /* LocationManager.swift */; };
		A384C10B28EF658500E6CDA5 /* WelcomeView.swift in Sources */ = {isa = PBXBuildFile; fileRef = A384C10A28EF658500E6CDA5 /* WelcomeView.swift */; };
		A3935D4028EF5EEE007C95E2 /* NornApp.swift in Sources */ = {isa = PBXBuildFile; fileRef = A3935D3F28EF5EEE007C95E2 /* NornApp.swift */; };
		A3935D4228EF5EEE007C95E2 /* ContentView.swift in Sources */ = {isa = PBXBuildFile; fileRef = A3935D4128EF5EEE007C95E2 /* ContentView.swift */; };
		A3935D4428EF5EEE007C95E2 /* Assets.xcassets in Resources */ = {isa = PBXBuildFile; fileRef = A3935D4328EF5EEE007C95E2 /* Assets.xcassets */; };
		A3935D4728EF5EEE007C95E2 /* Preview Assets.xcassets in Resources */ = {isa = PBXBuildFile; fileRef = A3935D4628EF5EEE007C95E2 /* Preview Assets.xcassets */; };
		A3C125E328F02BD200368578 /* LoadingView.swift in Sources */ = {isa = PBXBuildFile; fileRef = A3C125E228F02BD200368578 /* LoadingView.swift */; };
		A3C125E528F0300200368578 /* WeatherManager.swift in Sources */ = {isa = PBXBuildFile; fileRef = A3C125E428F0300200368578 /* WeatherManager.swift */; };
		A3C125E728F03C5200368578 /* WeatherView.swift in Sources */ = {isa = PBXBuildFile; fileRef = A3C125E628F03C5200368578 /* WeatherView.swift */; };
		A3C125E928F03CC900368578 /* ModelData.swift in Sources */ = {isa = PBXBuildFile; fileRef = A3C125E828F03CC900368578 /* ModelData.swift */; };
		A3C125EB28F03D2E00368578 /* weatherData.json in Resources */ = {isa = PBXBuildFile; fileRef = A3C125EA28F03D2E00368578 /* weatherData.json */; };
		A3C125ED28F0402200368578 /* Extentions.swift in Sources */ = {isa = PBXBuildFile; fileRef = A3C125EC28F0402200368578 /* Extentions.swift */; };
		A3C125EF28F084A000368578 /* WeatherRow.swift in Sources */ = {isa = PBXBuildFile; fileRef = A3C125EE28F084A000368578 /* WeatherRow.swift */; };
/* End PBXBuildFile section */

/* Begin PBXFileReference section */
		A384C10728EF62CD00E6CDA5 /* LocationManager.swift */ = {isa = PBXFileReference; lastKnownFileType = sourcecode.swift; path = LocationManager.swift; sourceTree = "<group>"; };
		A384C10A28EF658500E6CDA5 /* WelcomeView.swift */ = {isa = PBXFileReference; lastKnownFileType = sourcecode.swift; path = WelcomeView.swift; sourceTree = "<group>"; };
		A3935D3C28EF5EEE007C95E2 /* Norn.app */ = {isa = PBXFileReference; explicitFileType = wrapper.application; includeInIndex = 0; path = Norn.app; sourceTree = BUILT_PRODUCTS_DIR; };
		A3935D3F28EF5EEE007C95E2 /* NornApp.swift */ = {isa = PBXFileReference; lastKnownFileType = sourcecode.swift; path = NornApp.swift; sourceTree = "<group>"; };
		A3935D4128EF5EEE007C95E2 /* ContentView.swift */ = {isa = PBXFileReference; lastKnownFileType = sourcecode.swift; path = ContentView.swift; sourceTree = "<group>"; };
		A3935D4328EF5EEE007C95E2 /* Assets.xcassets */ = {isa = PBXFileReference; lastKnownFileType = folder.assetcatalog; path = Assets.xcassets; sourceTree = "<group>"; };
		A3935D4628EF5EEE007C95E2 /* Preview Assets.xcassets */ = {isa = PBXFileReference; lastKnownFileType = folder.assetcatalog; path = "Preview Assets.xcassets"; sourceTree = "<group>"; };
		A3C125E228F02BD200368578 /* LoadingView.swift */ = {isa = PBXFileReference; lastKnownFileType = sourcecode.swift; path = LoadingView.swift; sourceTree = "<group>"; };
		A3C125E428F0300200368578 /* WeatherManager.swift */ = {isa = PBXFileReference; lastKnownFileType = sourcecode.swift; path = WeatherManager.swift; sourceTree = "<group>"; };
		A3C125E628F03C5200368578 /* WeatherView.swift */ = {isa = PBXFileReference; lastKnownFileType = sourcecode.swift; path = WeatherView.swift; sourceTree = "<group>"; };
		A3C125E828F03CC900368578 /* ModelData.swift */ = {isa = PBXFileReference; lastKnownFileType = sourcecode.swift; path = ModelData.swift; sourceTree = "<group>"; };
		A3C125EA28F03D2E00368578 /* weatherData.json */ = {isa = PBXFileReference; lastKnownFileType = text.json; path = weatherData.json; sourceTree = "<group>"; };
		A3C125EC28F0402200368578 /* Extentions.swift */ = {isa = PBXFileReference; lastKnownFileType = sourcecode.swift; path = Extentions.swift; sourceTree = "<group>"; };
		A3C125EE28F084A000368578 /* WeatherRow.swift */ = {isa = PBXFileReference; lastKnownFileType = sourcecode.swift; path = WeatherRow.swift; sourceTree = "<group>"; };
/* End PBXFileReference section */

/* Begin PBXFrameworksBuildPhase section */
		A3935D3928EF5EEE007C95E2 /* Frameworks */ = {
			isa = PBXFrameworksBuildPhase;
			buildActionMask = 2147483647;
			files = (
			);
			runOnlyForDeploymentPostprocessing = 0;
		};
/* End PBXFrameworksBuildPhase section */

/* Begin PBXGroup section */
		A384C10628EF62A500E6CDA5 /* Managers */ = {
			isa = PBXGroup;
			children = (
				A384C10728EF62CD00E6CDA5 /* LocationManager.swift */,
				A3C125E428F0300200368578 /* WeatherManager.swift */,
			);
			path = Managers;
			sourceTree = "<group>";
		};
		A384C10928EF649400E6CDA5 /* Views */ = {
			isa = PBXGroup;
			children = (
				A3935D4128EF5EEE007C95E2 /* ContentView.swift */,
				A3C125E628F03C5200368578 /* WeatherView.swift */,
				A3C125E228F02BD200368578 /* LoadingView.swift */,
				A384C10A28EF658500E6CDA5 /* WelcomeView.swift */,
			);
			path = Views;
			sourceTree = "<group>";
		};
		A3935D3328EF5EEE007C95E2 = {
			isa = PBXGroup;
			children = (
				A3935D3E28EF5EEE007C95E2 /* Norn */,
				A3935D3D28EF5EEE007C95E2 /* Products */,
			);
			sourceTree = "<group>";
		};
		A3935D3D28EF5EEE007C95E2 /* Products */ = {
			isa = PBXGroup;
			children = (
				A3935D3C28EF5EEE007C95E2 /* Norn.app */,
			);
			name = Products;
			sourceTree = "<group>";
		};
		A3935D3E28EF5EEE007C95E2 /* Norn */ = {
			isa = PBXGroup;
			children = (
				A3935D3F28EF5EEE007C95E2 /* NornApp.swift */,
				A384C10928EF649400E6CDA5 /* Views */,
				A384C10628EF62A500E6CDA5 /* Managers */,
				A3C125F028F084A600368578 /* Components */,
				A3935D4328EF5EEE007C95E2 /* Assets.xcassets */,
				A3935D4528EF5EEE007C95E2 /* Preview Content */,
				A3C125EC28F0402200368578 /* Extentions.swift */,
			);
			path = Norn;
			sourceTree = "<group>";
		};
		A3935D4528EF5EEE007C95E2 /* Preview Content */ = {
			isa = PBXGroup;
			children = (
				A3935D4628EF5EEE007C95E2 /* Preview Assets.xcassets */,
				A3C125E828F03CC900368578 /* ModelData.swift */,
				A3C125EA28F03D2E00368578 /* weatherData.json */,
			);
			path = "Preview Content";
			sourceTree = "<group>";
		};
		A3C125F028F084A600368578 /* Components */ = {
			isa = PBXGroup;
			children = (
				A3C125EE28F084A000368578 /* WeatherRow.swift */,
			);
			path = Components;
			sourceTree = "<group>";
		};
/* End PBXGroup section */

/* Begin PBXNativeTarget section */
		A3935D3B28EF5EEE007C95E2 /* Norn */ = {
			isa = PBXNativeTarget;
			buildConfigurationList = A3935D4A28EF5EEE007C95E2 /* Build configuration list for PBXNativeTarget "Norn" */;
			buildPhases = (
				A3935D3828EF5EEE007C95E2 /* Sources */,
				A3935D3928EF5EEE007C95E2 /* Frameworks */,
				A3935D3A28EF5EEE007C95E2 /* Resources */,
			);
			buildRules = (
			);
			dependencies = (
			);
			name = Norn;
			productName = Norn;
			productReference = A3935D3C28EF5EEE007C95E2 /* Norn.app */;
			productType = "com.apple.product-type.application";
		};
/* End PBXNativeTarget section */

/* Begin PBXProject section */
		A3935D3428EF5EEE007C95E2 /* Project object */ = {
			isa = PBXProject;
			attributes = {
				BuildIndependentTargetsInParallel = 1;
				LastSwiftUpdateCheck = 1400;
				LastUpgradeCheck = 1400;
				TargetAttributes = {
					A3935D3B28EF5EEE007C95E2 = {
						CreatedOnToolsVersion = 14.0.1;
					};
				};
			};
			buildConfigurationList = A3935D3728EF5EEE007C95E2 /* Build configuration list for PBXProject "Norn" */;
			compatibilityVersion = "Xcode 14.0";
			developmentRegion = en;
			hasScannedForEncodings = 0;
			knownRegions = (
				en,
				Base,
			);
			mainGroup = A3935D3328EF5EEE007C95E2;
			productRefGroup = A3935D3D28EF5EEE007C95E2 /* Products */;
			projectDirPath = "";
			projectRoot = "";
			targets = (
				A3935D3B28EF5EEE007C95E2 /* Norn */,
			);
		};
/* End PBXProject section */

/* Begin PBXResourcesBuildPhase section */
		A3935D3A28EF5EEE007C95E2 /* Resources */ = {
			isa = PBXResourcesBuildPhase;
			buildActionMask = 2147483647;
			files = (
				A3935D4728EF5EEE007C95E2 /* Preview Assets.xcassets in Resources */,
				A3C125EB28F03D2E00368578 /* weatherData.json in Resources */,
				A3935D4428EF5EEE007C95E2 /* Assets.xcassets in Resources */,
			);
			runOnlyForDeploymentPostprocessing = 0;
		};
/* End PBXResourcesBuildPhase section */

/* Begin PBXSourcesBuildPhase section */
		A3935D3828EF5EEE007C95E2 /* Sources */ = {
			isa = PBXSourcesBuildPhase;
			buildActionMask = 2147483647;
			files = (
				A3C125E528F0300200368578 /* WeatherManager.swift in Sources */,
				A3935D4228EF5EEE007C95E2 /* ContentView.swift in Sources */,
				A3935D4028EF5EEE007C95E2 /* NornApp.swift in Sources */,
				A384C10828EF62CD00E6CDA5 /* LocationManager.swift in Sources */,
				A3C125E328F02BD200368578 /* LoadingView.swift in Sources */,
				A3C125EF28F084A000368578 /* WeatherRow.swift in Sources */,
				A3C125E928F03CC900368578 /* ModelData.swift in Sources */,
				A3C125E728F03C5200368578 /* WeatherView.swift in Sources */,
				A384C10B28EF658500E6CDA5 /* WelcomeView.swift in Sources */,
				A3C125ED28F0402200368578 /* Extentions.swift in Sources */,
			);
			runOnlyForDeploymentPostprocessing = 0;
		};
/* End PBXSourcesBuildPhase section */

/* Begin XCBuildConfiguration section */
		A3935D4828EF5EEE007C95E2 /* Debug */ = {
			isa = XCBuildConfiguration;
			buildSettings = {
				ALWAYS_SEARCH_USER_PATHS = NO;
				CLANG_ANALYZER_NONNULL = YES;
				CLANG_ANALYZER_NUMBER_OBJECT_CONVERSION = YES_AGGRESSIVE;
				CLANG_CXX_LANGUAGE_STANDARD = "gnu++20";
				CLANG_ENABLE_MODULES = YES;
				CLANG_ENABLE_OBJC_ARC = YES;
				CLANG_ENABLE_OBJC_WEAK = YES;
				CLANG_WARN_BLOCK_CAPTURE_AUTORELEASING = YES;
				CLANG_WARN_BOOL_CONVERSION = YES;
				CLANG_WARN_COMMA = YES;
				CLANG_WARN_CONSTANT_CONVERSION = YES;
				CLANG_WARN_DEPRECATED_OBJC_IMPLEMENTATIONS = YES;
				CLANG_WARN_DIRECT_OBJC_ISA_USAGE = YES_ERROR;
				CLANG_WARN_DOCUMENTATION_COMMENTS = YES;
				CLANG_WARN_EMPTY_BODY = YES;
				CLANG_WARN_ENUM_CONVERSION = YES;
				CLANG_WARN_INFINITE_RECURSION = YES;
				CLANG_WARN_INT_CONVERSION = YES;
				CLANG_WARN_NON_LITERAL_NULL_CONVERSION = YES;
				CLANG_WARN_OBJC_IMPLICIT_RETAIN_SELF = YES;
				CLANG_WARN_OBJC_LITERAL_CONVERSION = YES;
				CLANG_WARN_OBJC_ROOT_CLASS = YES_ERROR;
				CLANG_WARN_QUOTED_INCLUDE_IN_FRAMEWORK_HEADER = YES;
				CLANG_WARN_RANGE_LOOP_ANALYSIS = YES;
				CLANG_WARN_STRICT_PROTOTYPES = YES;
				CLANG_WARN_SUSPICIOUS_MOVE = YES;
				CLANG_WARN_UNGUARDED_AVAILABILITY = YES_AGGRESSIVE;
				CLANG_WARN_UNREACHABLE_CODE = YES;
				CLANG_WARN__DUPLICATE_METHOD_MATCH = YES;
				COPY_PHASE_STRIP = NO;
				DEBUG_INFORMATION_FORMAT = dwarf;
				ENABLE_STRICT_OBJC_MSGSEND = YES;
				ENABLE_TESTABILITY = YES;
				GCC_C_LANGUAGE_STANDARD = gnu11;
				GCC_DYNAMIC_NO_PIC = NO;
				GCC_NO_COMMON_BLOCKS = YES;
				GCC_OPTIMIZATION_LEVEL = 0;
				GCC_PREPROCESSOR_DEFINITIONS = (
					"DEBUG=1",
					"$(inherited)",
				);
				GCC_WARN_64_TO_32_BIT_CONVERSION = YES;
				GCC_WARN_ABOUT_RETURN_TYPE = YES_ERROR;
				GCC_WARN_UNDECLARED_SELECTOR = YES;
				GCC_WARN_UNINITIALIZED_AUTOS = YES_AGGRESSIVE;
				GCC_WARN_UNUSED_FUNCTION = YES;
				GCC_WARN_UNUSED_VARIABLE = YES;
				IPHONEOS_DEPLOYMENT_TARGET = 16.0;
				MTL_ENABLE_DEBUG_INFO = INCLUDE_SOURCE;
				MTL_FAST_MATH = YES;
				ONLY_ACTIVE_ARCH = YES;
				SDKROOT = iphoneos;
				SWIFT_ACTIVE_COMPILATION_CONDITIONS = DEBUG;
				SWIFT_OPTIMIZATION_LEVEL = "-Onone";
			};
			name = Debug;
		};
		A3935D4928EF5EEE007C95E2 /* Release */ = {
			isa = XCBuildConfiguration;
			buildSettings = {
				ALWAYS_SEARCH_USER_PATHS = NO;
				CLANG_ANALYZER_NONNULL = YES;
				CLANG_ANALYZER_NUMBER_OBJECT_CONVERSION = YES_AGGRESSIVE;
				CLANG_CXX_LANGUAGE_STANDARD = "gnu++20";
				CLANG_ENABLE_MODULES = YES;
				CLANG_ENABLE_OBJC_ARC = YES;
				CLANG_ENABLE_OBJC_WEAK = YES;
				CLANG_WARN_BLOCK_CAPTURE_AUTORELEASING = YES;
				CLANG_WARN_BOOL_CONVERSION = YES;
				CLANG_WARN_COMMA = YES;
				CLANG_WARN_CONSTANT_CONVERSION = YES;
				CLANG_WARN_DEPRECATED_OBJC_IMPLEMENTATIONS = YES;
				CLANG_WARN_DIRECT_OBJC_ISA_USAGE = YES_ERROR;
				CLANG_WARN_DOCUMENTATION_COMMENTS = YES;
				CLANG_WARN_EMPTY_BODY = YES;
				CLANG_WARN_ENUM_CONVERSION = YES;
				CLANG_WARN_INFINITE_RECURSION = YES;
				CLANG_WARN_INT_CONVERSION = YES;
				CLANG_WARN_NON_LITERAL_NULL_CONVERSION = YES;
				CLANG_WARN_OBJC_IMPLICIT_RETAIN_SELF = YES;
				CLANG_WARN_OBJC_LITERAL_CONVERSION = YES;
				CLANG_WARN_OBJC_ROOT_CLASS = YES_ERROR;
				CLANG_WARN_QUOTED_INCLUDE_IN_FRAMEWORK_HEADER = YES;
				CLANG_WARN_RANGE_LOOP_ANALYSIS = YES;
				CLANG_WARN_STRICT_PROTOTYPES = YES;
				CLANG_WARN_SUSPICIOUS_MOVE = YES;
				CLANG_WARN_UNGUARDED_AVAILABILITY = YES_AGGRESSIVE;
				CLANG_WARN_UNREACHABLE_CODE = YES;
				CLANG_WARN__DUPLICATE_METHOD_MATCH = YES;
				COPY_PHASE_STRIP = NO;
				DEBUG_INFORMATION_FORMAT = "dwarf-with-dsym";
				ENABLE_NS_ASSERTIONS = NO;
				ENABLE_STRICT_OBJC_MSGSEND = YES;
				GCC_C_LANGUAGE_STANDARD = gnu11;
				GCC_NO_COMMON_BLOCKS = YES;
				GCC_WARN_64_TO_32_BIT_CONVERSION = YES;
				GCC_WARN_ABOUT_RETURN_TYPE = YES_ERROR;
				GCC_WARN_UNDECLARED_SELECTOR = YES;
				GCC_WARN_UNINITIALIZED_AUTOS = YES_AGGRESSIVE;
				GCC_WARN_UNUSED_FUNCTION = YES;
				GCC_WARN_UNUSED_VARIABLE = YES;
				IPHONEOS_DEPLOYMENT_TARGET = 16.0;
				MTL_ENABLE_DEBUG_INFO = NO;
				MTL_FAST_MATH = YES;
				SDKROOT = iphoneos;
				SWIFT_COMPILATION_MODE = wholemodule;
				SWIFT_OPTIMIZATION_LEVEL = "-O";
				VALIDATE_PRODUCT = YES;
			};
			name = Release;
		};
		A3935D4B28EF5EEE007C95E2 /* Debug */ = {
			isa = XCBuildConfiguration;
			buildSettings = {
				ASSETCATALOG_COMPILER_APPICON_NAME = AppIcon;
				ASSETCATALOG_COMPILER_GLOBAL_ACCENT_COLOR_NAME = AccentColor;
				CODE_SIGN_STYLE = Automatic;
				CURRENT_PROJECT_VERSION = 1;
				DEVELOPMENT_ASSET_PATHS = "\"Norn/Preview Content\"";
				DEVELOPMENT_TEAM = 8KHYSRJLW7;
				ENABLE_PREVIEWS = YES;
				GENERATE_INFOPLIST_FILE = YES;
				INFOPLIST_KEY_UIApplicationSceneManifest_Generation = YES;
				INFOPLIST_KEY_UIApplicationSupportsIndirectInputEvents = YES;
				INFOPLIST_KEY_UILaunchScreen_Generation = YES;
				INFOPLIST_KEY_UISupportedInterfaceOrientations_iPad = "UIInterfaceOrientationPortrait UIInterfaceOrientationPortraitUpsideDown UIInterfaceOrientationLandscapeLeft UIInterfaceOrientationLandscapeRight";
				INFOPLIST_KEY_UISupportedInterfaceOrientations_iPhone = "UIInterfaceOrientationPortrait UIInterfaceOrientationLandscapeLeft UIInterfaceOrientationLandscapeRight";
				IPHONEOS_DEPLOYMENT_TARGET = 16.0;
				LD_RUNPATH_SEARCH_PATHS = (
					"$(inherited)",
					"@executable_path/Frameworks",
				);
				MARKETING_VERSION = 1.0;
				PRODUCT_BUNDLE_IDENTIFIER = developer.Norn;
				PRODUCT_NAME = "$(TARGET_NAME)";
				SWIFT_EMIT_LOC_STRINGS = YES;
				SWIFT_VERSION = 5.0;
				TARGETED_DEVICE_FAMILY = "1,2";
			};
			name = Debug;
		};
		A3935D4C28EF5EEE007C95E2 /* Release */ = {
			isa = XCBuildConfiguration;
			buildSettings = {
				ASSETCATALOG_COMPILER_APPICON_NAME = AppIcon;
				ASSETCATALOG_COMPILER_GLOBAL_ACCENT_COLOR_NAME = AccentColor;
				CODE_SIGN_STYLE = Automatic;
				CURRENT_PROJECT_VERSION = 1;
				DEVELOPMENT_ASSET_PATHS = "\"Norn/Preview Content\"";
				DEVELOPMENT_TEAM = 8KHYSRJLW7;
				ENABLE_PREVIEWS = YES;
				GENERATE_INFOPLIST_FILE = YES;
				INFOPLIST_KEY_UIApplicationSceneManifest_Generation = YES;
				INFOPLIST_KEY_UIApplicationSupportsIndirectInputEvents = YES;
				INFOPLIST_KEY_UILaunchScreen_Generation = YES;
				INFOPLIST_KEY_UISupportedInterfaceOrientations_iPad = "UIInterfaceOrientationPortrait UIInterfaceOrientationPortraitUpsideDown UIInterfaceOrientationLandscapeLeft UIInterfaceOrientationLandscapeRight";
				INFOPLIST_KEY_UISupportedInterfaceOrientations_iPhone = "UIInterfaceOrientationPortrait UIInterfaceOrientationLandscapeLeft UIInterfaceOrientationLandscapeRight";
				IPHONEOS_DEPLOYMENT_TARGET = 16.0;
				LD_RUNPATH_SEARCH_PATHS = (
					"$(inherited)",
					"@executable_path/Frameworks",
				);
				MARKETING_VERSION = 1.0;
				PRODUCT_BUNDLE_IDENTIFIER = developer.Norn;
				PRODUCT_NAME = "$(TARGET_NAME)";
				SWIFT_EMIT_LOC_STRINGS = YES;
				SWIFT_VERSION = 5.0;
				TARGETED_DEVICE_FAMILY = "1,2";
			};
			name = Release;
		};
/* End XCBuildConfiguration section */

/* Begin XCConfigurationList section */
		A3935D3728EF5EEE007C95E2 /* Build configuration list for PBXProject "Norn" */ = {
			isa = XCConfigurationList;
			buildConfigurations = (
				A3935D4828EF5EEE007C95E2 /* Debug */,
				A3935D4928EF5EEE007C95E2 /* Release */,
			);
			defaultConfigurationIsVisible = 0;
			defaultConfigurationName = Release;
		};
		A3935D4A28EF5EEE007C95E2 /* Build configuration list for PBXNativeTarget "Norn" */ = {
			isa = XCConfigurationList;
			buildConfigurations = (
				A3935D4B28EF5EEE007C95E2 /* Debug */,
				A3935D4C28EF5EEE007C95E2 /* Release */,
			);
			defaultConfigurationIsVisible = 0;
			defaultConfigurationName = Release;
		};
/* End XCConfigurationList section */
	};
	rootObject = A3935D3428EF5EEE007C95E2 /* Project object */;
}
